<?xml version="1.0" encoding="utf-8"?>
<Project ToolsVersion="4.0" xmlns="http://schemas.microsoft.com/developer/msbuild/2003">
  <ItemGroup>
    <Filter Include="Source Files">
      <UniqueIdentifier>{4FC737F1-C7A5-4376-A066-2A32D752A2FF}</UniqueIdentifier>
      <Extensions>cpp;c;cc;cxx;def;odl;idl;hpj;bat;asm;asmx</Extensions>
    </Filter>
    <Filter Include="Header Files">
      <UniqueIdentifier>{93995380-89BD-4b04-88EB-625FBE52EBFB}</UniqueIdentifier>
      <Extensions>h;hpp;hxx;hm;inl;inc;xsd</Extensions>
    </Filter>
    <Filter Include="Resource Files">
      <UniqueIdentifier>{67DA6AB6-F800-4c08-8B7A-83BB121AAD01}</UniqueIdentifier>
      <Extensions>rc;ico;cur;bmp;dlg;rc2;rct;bin;rgs;gif;jpg;jpeg;jpe;resx;tiff;tif;png;wav;mfcribbon-ms</Extensions>
    </Filter>
  </ItemGroup>
  <ItemGroup>
    <Text Include="ReadMe.txt" />
  </ItemGroup>
  <ItemGroup>
    <ClInclude Include="targetver.h">
      <Filter>Header Files</Filter>
    </ClInclude>
    <ClInclude Include="ldapcpp\ApacheUserSearch.hpp">
      <Filter>Header Files</Filter>
    </ClInclude>
    <ClInclude Include="ldapcpp\LDAPConnection.hpp">
      <Filter>Header Files</Filter>
    </ClInclude>
    <ClInclude Include="ldapcpp\LDAPConnectionFactory.hpp">
      <Filter>Header Files</Filter>
    </ClInclude>
    <ClInclude Include="ldapcpp\LDAPConnectionMaker.hpp">
      <Filter>Header Files</Filter>
    </ClInclude>
    <ClInclude Include="ldapcpp\LDAPConnectionNonSecurePolicy.hpp">
      <Filter>Header Files</Filter>
    </ClInclude>
    <ClInclude Include="ldapcpp\LDAPConnectionSSLPolicy.hpp">
      <Filter>Header Files</Filter>
    </ClInclude>
    <ClInclude Include="ldapcpp\LDAPConnectionVariableTimeoutPolicy.hpp">
      <Filter>Header Files</Filter>
    </ClInclude>
    <ClInclude Include="ldapcpp\LDAPConnectionVersion2ProtocolPolicy.hpp">
      <Filter>Header Files</Filter>
    </ClInclude>
    <ClInclude Include="ldapcpp\LDAPConnectionVersion3ProtocolPolicy.hpp">
      <Filter>Header Files</Filter>
    </ClInclude>
    <ClInclude Include="ldapcpp\LDAPSearch.hpp">
      <Filter>Header Files</Filter>
    </ClInclude>
    <ClInclude Include="ldapcpp\config\LDAPBaseDNPolicy.hpp">
      <Filter>Header Files</Filter>
    </ClInclude>
    <ClInclude Include="ldapcpp\config\LDAPBaseDNRule.hpp">
      <Filter>Header Files</Filter>
    </ClInclude>
    <ClInclude Include="ldapcpp\config\LDAPBindPasswordPolicy.hpp">
      <Filter>Header Files</Filter>
    </ClInclude>
    <ClInclude Include="ldapcpp\config\LDAPBindUserPolicy.hpp">
      <Filter>Header Files</Filter>
    </ClInclude>
    <ClInclude Include="ldapcpp\config\LDAPConfigurationInspector.hpp">
      <Filter>Header Files</Filter>
    </ClInclude>
    <ClInclude Include="ldapcpp\config\LDAPConfigurationManager.hpp">
      <Filter>Header Files</Filter>
    </ClInclude>
    <ClInclude Include="ldapcpp\config\LDAPConfigurationValidator.hpp">
      <Filter>Header Files</Filter>
    </ClInclude>
    <ClInclude Include="ldapcpp\config\LDAPServerAddrPolicy.hpp">
      <Filter>Header Files</Filter>
    </ClInclude>
    <ClInclude Include="ldapcpp\config\LDAPServerAddrRule.hpp">
      <Filter>Header Files</Filter>
    </ClInclude>
    <ClInclude Include="ldapcpp\config\LDAPServerPortPolicy.hpp">
      <Filter>Header Files</Filter>
    </ClInclude>
    <ClInclude Include="ldapcpp\config\LDAPTimeoutPolicy.hpp">
      <Filter>Header Files</Filter>
    </ClInclude>
    <ClInclude Include="ldapcpp\config\ServerVendorPolicy.hpp">
      <Filter>Header Files</Filter>
    </ClInclude>
    <ClInclude Include="ldapcpp\data\LDAPUser.hpp">
      <Filter>Header Files</Filter>
    </ClInclude>
    <ClInclude Include="ldapcpp\exception\LDAPAdminLimitExceededException.hpp">
      <Filter>Header Files</Filter>
    </ClInclude>
    <ClInclude Include="ldapcpp\exception\LDAPAffectsMultipleDsasException.hpp">
      <Filter>Header Files</Filter>
    </ClInclude>
    <ClInclude Include="ldapcpp\exception\LDAPAliasDerefProblemException.hpp">
      <Filter>Header Files</Filter>
    </ClInclude>
    <ClInclude Include="ldapcpp\exception\LDAPAliasProblemException.hpp">
      <Filter>Header Files</Filter>
    </ClInclude>
    <ClInclude Include="ldapcpp\exception\LDAPAlreadyExistsException.hpp">
      <Filter>Header Files</Filter>
    </ClInclude>
    <ClInclude Include="ldapcpp\exception\LDAPAttributeOrValueExistsException.hpp">
      <Filter>Header Files</Filter>
    </ClInclude>
    <ClInclude Include="ldapcpp\exception\LDAPAuthMethodNotSupportedException.hpp">
      <Filter>Header Files</Filter>
    </ClInclude>
    <ClInclude Include="ldapcpp\exception\LDAPAuthUnknownException.hpp">
      <Filter>Header Files</Filter>
    </ClInclude>
    <ClInclude Include="ldapcpp\exception\LDAPBusyException.hpp">
      <Filter>Header Files</Filter>
    </ClInclude>
    <ClInclude Include="ldapcpp\exception\LDAPClientLoopException.hpp">
      <Filter>Header Files</Filter>
    </ClInclude>
    <ClInclude Include="ldapcpp\exception\LDAPConfidentialityRequiredException.hpp">
      <Filter>Header Files</Filter>
    </ClInclude>
    <ClInclude Include="ldapcpp\exception\LDAPConnectErrorException.hpp">
      <Filter>Header Files</Filter>
    </ClInclude>
    <ClInclude Include="ldapcpp\exception\LDAPConstraintViolationException.hpp">
      <Filter>Header Files</Filter>
    </ClInclude>
    <ClInclude Include="ldapcpp\exception\LDAPControlNotFoundException.hpp">
      <Filter>Header Files</Filter>
    </ClInclude>
    <ClInclude Include="ldapcpp\exception\LDAPDecodingErrorException.hpp">
      <Filter>Header Files</Filter>
    </ClInclude>
    <ClInclude Include="ldapcpp\exception\LDAPEncodingErrorException.hpp">
      <Filter>Header Files</Filter>
    </ClInclude>
    <ClInclude Include="ldapcpp\exception\LDAPException.hpp">
      <Filter>Header Files</Filter>
    </ClInclude>
    <ClInclude Include="ldapcpp\exception\LDAPExceptions.hpp">
      <Filter>Header Files</Filter>
    </ClInclude>
    <ClInclude Include="ldapcpp\exception\LDAPFilterErrorException.hpp">
      <Filter>Header Files</Filter>
    </ClInclude>
    <ClInclude Include="ldapcpp\exception\LDAPInappropriateAuthException.hpp">
      <Filter>Header Files</Filter>
    </ClInclude>
    <ClInclude Include="ldapcpp\exception\LDAPInappropriateMatchingException.hpp">
      <Filter>Header Files</Filter>
    </ClInclude>
    <ClInclude Include="ldapcpp\exception\LDAPInitException.hpp">
      <Filter>Header Files</Filter>
    </ClInclude>
    <ClInclude Include="ldapcpp\exception\LDAPInsufficientRightsException.hpp">
      <Filter>Header Files</Filter>
    </ClInclude>
    <ClInclude Include="ldapcpp\exception\LDAPInvalidConfigurationException.hpp">
      <Filter>Header Files</Filter>
    </ClInclude>
    <ClInclude Include="ldapcpp\exception\LDAPInvalidCredentialsException.hpp">
      <Filter>Header Files</Filter>
    </ClInclude>
    <ClInclude Include="ldapcpp\exception\LDAPInvalidDNSyntaxException.hpp">
      <Filter>Header Files</Filter>
    </ClInclude>
    <ClInclude Include="ldapcpp\exception\LDAPInvalidSyntaxException.hpp">
      <Filter>Header Files</Filter>
    </ClInclude>
    <ClInclude Include="ldapcpp\exception\LDAPInvalidUserAccountException.hpp">
      <Filter>Header Files</Filter>
    </ClInclude>
    <ClInclude Include="ldapcpp\exception\LDAPLocalErrorException.hpp">
      <Filter>Header Files</Filter>
    </ClInclude>
    <ClInclude Include="ldapcpp\exception\LDAPNamingViolationException.hpp">
      <Filter>Header Files</Filter>
    </ClInclude>
    <ClInclude Include="ldapcpp\exception\LDAPNoMemoryException.hpp">
      <Filter>Header Files</Filter>
    </ClInclude>
    <ClInclude Include="ldapcpp\exception\LDAPNoObjectClassModsException.hpp">
      <Filter>Header Files</Filter>
    </ClInclude>
    <ClInclude Include="ldapcpp\exception\LDAPNoResultsReturnedException.hpp">
      <Filter>Header Files</Filter>
    </ClInclude>
    <ClInclude Include="ldapcpp\exception\LDAPNoSuchAttributeException.hpp">
      <Filter>Header Files</Filter>
    </ClInclude>
    <ClInclude Include="ldapcpp\exception\LDAPNoSuchObjectException.hpp">
      <Filter>Header Files</Filter>
    </ClInclude>
    <ClInclude Include="ldapcpp\exception\LDAPNotSupportedException.hpp">
      <Filter>Header Files</Filter>
    </ClInclude>
    <ClInclude Include="ldapcpp\exception\LDAPObjectClassViolationException.hpp">
      <Filter>Header Files</Filter>
    </ClInclude>
    <ClInclude Include="ldapcpp\exception\LDAPOperationsErrorException.hpp">
      <Filter>Header Files</Filter>
    </ClInclude>
    <ClInclude Include="ldapcpp\exception\LDAPOpNotAllowedOnNonleafException.hpp">
      <Filter>Header Files</Filter>
    </ClInclude>
    <ClInclude Include="ldapcpp\exception\LDAPOpNotAllowedOnRDNException.hpp">
      <Filter>Header Files</Filter>
    </ClInclude>
    <ClInclude Include="ldapcpp\exception\LDAPOtherException.hpp">
      <Filter>Header Files</Filter>
    </ClInclude>
    <ClInclude Include="ldapcpp\exception\LDAPParamErrorException.hpp">
      <Filter>Header Files</Filter>
    </ClInclude>
    <ClInclude Include="ldapcpp\exception\LDAPProtocolErrorException.hpp">
      <Filter>Header Files</Filter>
    </ClInclude>
    <ClInclude Include="ldapcpp\exception\LDAPReferralLimitExceededException.hpp">
      <Filter>Header Files</Filter>
    </ClInclude>
    <ClInclude Include="ldapcpp\exception\LDAPResultsTooLargeException.hpp">
      <Filter>Header Files</Filter>
    </ClInclude>
    <ClInclude Include="ldapcpp\exception\LDAPServerDownException.hpp">
      <Filter>Header Files</Filter>
    </ClInclude>
    <ClInclude Include="ldapcpp\exception\LDAPSizeLimitExceededException.hpp">
      <Filter>Header Files</Filter>
    </ClInclude>
    <ClInclude Include="ldapcpp\exception\LDAPStrongAuthRequiredException.hpp">
      <Filter>Header Files</Filter>
    </ClInclude>
    <ClInclude Include="ldapcpp\exception\LDAPTimeLimitExceededException.hpp">
      <Filter>Header Files</Filter>
    </ClInclude>
    <ClInclude Include="ldapcpp\exception\LDAPTimeoutException.hpp">
      <Filter>Header Files</Filter>
    </ClInclude>
    <ClInclude Include="ldapcpp\exception\LDAPUnavailableCritExtensionException.hpp">
      <Filter>Header Files</Filter>
    </ClInclude>
    <ClInclude Include="ldapcpp\exception\LDAPUnavailableException.hpp">
      <Filter>Header Files</Filter>
    </ClInclude>
    <ClInclude Include="ldapcpp\exception\LDAPUndefinedTypeException.hpp">
      <Filter>Header Files</Filter>
    </ClInclude>
    <ClInclude Include="ldapcpp\exception\LDAPUnwillingToPerformException.hpp">
      <Filter>Header Files</Filter>
    </ClInclude>
    <ClInclude Include="ldapcpp\exception\LDAPUserAccountDisableException.hpp">
      <Filter>Header Files</Filter>
    </ClInclude>
    <ClInclude Include="ldapcpp\exception\LDAPUserAccountLockoutException.hpp">
      <Filter>Header Files</Filter>
    </ClInclude>
    <ClInclude Include="ldapcpp\exception\LDAPUserAccountPasswordExpiredException.hpp">
      <Filter>Header Files</Filter>
    </ClInclude>
    <ClInclude Include="ldapcpp\exception\LDAPUserCancelledException.hpp">
      <Filter>Header Files</Filter>
    </ClInclude>
    <ClInclude Include="ldapcpp\exception\LDAPVirtualListViewErrorException.hpp">
      <Filter>Header Files</Filter>
    </ClInclude>
    <ClInclude Include="ldapcpp\service\ActiveDir2003ServiceProvider.hpp">
      <Filter>Header Files</Filter>
    </ClInclude>
    <ClInclude Include="ldapcpp\service\ApacheServiceProvider.hpp">
      <Filter>Header Files</Filter>
    </ClInclude>
    <ClInclude Include="ldapcpp\service\LDAPAuthorizationProvider.hpp">
      <Filter>Header Files</Filter>
    </ClInclude>
    <ClInclude Include="ldapcpp\service\LDAPAuthServiceProvider.hpp">
      <Filter>Header Files</Filter>
    </ClInclude>
  </ItemGroup>
  <ItemGroup>
    <ClCompile Include="dllmain.cpp">
      <Filter>Source Files</Filter>
    </ClCompile>
    <ClCompile Include="ActiveDir2003ServiceProvider.cpp">
      <Filter>Source Files</Filter>
    </ClCompile>
    <ClCompile Include="ApacheServiceProvider.cpp">
      <Filter>Source Files</Filter>
    </ClCompile>
    <ClCompile Include="ApacheUserSearch.cpp">
      <Filter>Source Files</Filter>
    </ClCompile>
    <ClCompile Include="LDAPAdminLimitExceededException.cpp">
      <Filter>Source Files</Filter>
    </ClCompile>
    <ClCompile Include="LDAPAffectsMultipleDsasException.cpp">
      <Filter>Source Files</Filter>
    </ClCompile>
    <ClCompile Include="LDAPAliasDerefProblemException.cpp">
      <Filter>Source Files</Filter>
    </ClCompile>
    <ClCompile Include="LDAPAliasProblemException.cpp">
      <Filter>Source Files</Filter>
    </ClCompile>
    <ClCompile Include="LDAPAlreadyExistsException.cpp">
      <Filter>Source Files</Filter>
    </ClCompile>
    <ClCompile Include="LDAPAttributeOrValueExistsException.cpp">
      <Filter>Source Files</Filter>
    </ClCompile>
    <ClCompile Include="LDAPAuthMethodNotSupportException.cpp">
      <Filter>Source Files</Filter>
    </ClCompile>
    <ClCompile Include="LDAPAuthorizationProvider.cpp">
      <Filter>Source Files</Filter>
    </ClCompile>
    <ClCompile Include="LDAPAuthServiceProvider.cpp">
      <Filter>Source Files</Filter>
    </ClCompile>
    <ClCompile Include="LDAPAuthUnknownException.cpp">
      <Filter>Source Files</Filter>
    </ClCompile>
    <ClCompile Include="LDAPBaseDNRule.cpp">
      <Filter>Source Files</Filter>
    </ClCompile>
    <ClCompile Include="LDAPBusyException.cpp">
      <Filter>Source Files</Filter>
    </ClCompile>
    <ClCompile Include="LDAPClientLoopException.cpp">
      <Filter>Source Files</Filter>
    </ClCompile>
    <ClCompile Include="LDAPConfidentialityRequiredException.cpp">
      <Filter>Source Files</Filter>
    </ClCompile>
    <ClCompile Include="LDAPConfigurationInspector.cpp">
      <Filter>Source Files</Filter>
    </ClCompile>
    <ClCompile Include="LDAPConfigurationManager.cpp">
      <Filter>Source Files</Filter>
    </ClCompile>
    <ClCompile Include="LDAPConnectErrorException.cpp">
      <Filter>Source Files</Filter>
    </ClCompile>
    <ClCompile Include="LDAPConnection.cpp">
      <Filter>Source Files</Filter>
    </ClCompile>
    <ClCompile Include="LDAPConnectionMaker.cpp">
      <Filter>Source Files</Filter>
    </ClCompile>
    <ClCompile Include="LDAPConnectionNonSecurePolicy.cpp">
      <Filter>Source Files</Filter>
    </ClCompile>
    <ClCompile Include="LDAPConnectionSSLPolicy.cpp">
      <Filter>Source Files</Filter>
    </ClCompile>
    <ClCompile Include="LDAPConnectionVariableTimeoutPolicy.cpp">
      <Filter>Source Files</Filter>
    </ClCompile>
    <ClCompile Include="LDAPConnectionVersion2ProtocolPolicy.cpp">
      <Filter>Source Files</Filter>
    </ClCompile>
    <ClCompile Include="LDAPConnectionVersion3ProtocolPolicy.cpp">
      <Filter>Source Files</Filter>
    </ClCompile>
    <ClCompile Include="LDAPConstraintViolationException.cpp">
      <Filter>Source Files</Filter>
    </ClCompile>
    <ClCompile Include="LDAPControlNotFoundException.cpp">
      <Filter>Source Files</Filter>
    </ClCompile>
    <ClCompile Include="LDAPDecodingErrorException.cpp">
      <Filter>Source Files</Filter>
    </ClCompile>
    <ClCompile Include="LDAPEncodingErrorException.cpp">
      <Filter>Source Files</Filter>
    </ClCompile>
    <ClCompile Include="LDAPException.cpp">
      <Filter>Source Files</Filter>
    </ClCompile>
    <ClCompile Include="LDAPFilterErrorException.cpp">
      <Filter>Source Files</Filter>
    </ClCompile>
    <ClCompile Include="LDAPInappropriateAuthException.cpp">
      <Filter>Source Files</Filter>
    </ClCompile>
    <ClCompile Include="LDAPInappropriateMatchingException.cpp">
      <Filter>Source Files</Filter>
    </ClCompile>
    <ClCompile Include="LDAPInitException.cpp">
      <Filter>Source Files</Filter>
    </ClCompile>
    <ClCompile Include="LDAPInsufficientRightsException.cpp">
      <Filter>Source Files</Filter>
    </ClCompile>
    <ClCompile Include="LDAPInvalidConfigurationException.cpp">
      <Filter>Source Files</Filter>
    </ClCompile>
    <ClCompile Include="LDAPInvalidCredentialsException.cpp">
      <Filter>Source Files</Filter>
    </ClCompile>
    <ClCompile Include="LDAPInvalidDNSyntaxException.cpp">
      <Filter>Source Files</Filter>
    </ClCompile>
    <ClCompile Include="LDAPInvalidSyntaxException.cpp">
      <Filter>Source Files</Filter>
    </ClCompile>
    <ClCompile Include="LDAPInvalidUserAccountException.cpp">
      <Filter>Source Files</Filter>
    </ClCompile>
    <ClCompile Include="LDAPLocalErrorException.cpp">
      <Filter>Source Files</Filter>
    </ClCompile>
    <ClCompile Include="LDAPNamingViolationException.cpp">
      <Filter>Source Files</Filter>
    </ClCompile>
    <ClCompile Include="LDAPNoMemoryException.cpp">
      <Filter>Source Files</Filter>
    </ClCompile>
    <ClCompile Include="LDAPNoObjectClassModsException.cpp">
      <Filter>Source Files</Filter>
    </ClCompile>
    <ClCompile Include="LDAPNoResultsReturnedException.cpp">
      <Filter>Source Files</Filter>
    </ClCompile>
    <ClCompile Include="LDAPNoSuchAttributeException.cpp">
      <Filter>Source Files</Filter>
    </ClCompile>
    <ClCompile Include="LDAPNoSuchObjectException.cpp">
      <Filter>Source Files</Filter>
    </ClCompile>
    <ClCompile Include="LDAPNotSupportedException.cpp">
      <Filter>Source Files</Filter>
    </ClCompile>
    <ClCompile Include="LDAPObjectClassViolationException.cpp">
      <Filter>Source Files</Filter>
    </ClCompile>
    <ClCompile Include="LDAPOperationsErrorException.cpp">
      <Filter>Source Files</Filter>
    </ClCompile>
    <ClCompile Include="LDAPOpNotAllowedOnNonleafException.cpp">
      <Filter>Source Files</Filter>
    </ClCompile>
    <ClCompile Include="LDAPOpNotAllowedOnRDNException.cpp">
      <Filter>Source Files</Filter>
    </ClCompile>
    <ClCompile Include="LDAPOtherException.cpp">
      <Filter>Source Files</Filter>
    </ClCompile>
    <ClCompile Include="LDAPParamErrorException.cpp">
      <Filter>Source Files</Filter>
    </ClCompile>
    <ClCompile Include="LDAPProtocolErrorException.cpp">
      <Filter>Source Files</Filter>
    </ClCompile>
    <ClCompile Include="LDAPReferralLimitExceededException.cpp">
      <Filter>Source Files</Filter>
    </ClCompile>
    <ClCompile Include="LDAPResultsTooLargeException.cpp">
      <Filter>Source Files</Filter>
    </ClCompile>
    <ClCompile Include="LDAPSearch.cpp">
      <Filter>Source Files</Filter>
    </ClCompile>
    <ClCompile Include="LDAPServerAddrRule.cpp">
      <Filter>Source Files</Filter>
    </ClCompile>
    <ClCompile Include="LDAPServerDownException.cpp">
      <Filter>Source Files</Filter>
    </ClCompile>
    <ClCompile Include="LDAPSizeLimitExceededException.cpp">
      <Filter>Source Files</Filter>
    </ClCompile>
    <ClCompile Include="LDAPStrongAuthRequiredException.cpp">
      <Filter>Source Files</Filter>
    </ClCompile>
    <ClCompile Include="LDAPTimeLimitExceededException.cpp">
      <Filter>Source Files</Filter>
    </ClCompile>
    <ClCompile Include="LDAPTimeoutException.cpp">
      <Filter>Source Files</Filter>
    </ClCompile>
    <ClCompile Include="LDAPUnavailableCritExtensionException.cpp">
      <Filter>Source Files</Filter>
    </ClCompile>
    <ClCompile Include="LDAPUnavailableException.cpp">
      <Filter>Source Files</Filter>
    </ClCompile>
    <ClCompile Include="LDAPUndefinedTypeException.cpp">
      <Filter>Source Files</Filter>
    </ClCompile>
    <ClCompile Include="LDAPUnwillingToPerformException.cpp">
      <Filter>Source Files</Filter>
    </ClCompile>
    <ClCompile Include="LDAPUser.cpp">
      <Filter>Source Files</Filter>
    </ClCompile>
    <ClCompile Include="LDAPUserAccountDisableException.cpp">
      <Filter>Source Files</Filter>
    </ClCompile>
    <ClCompile Include="LDAPUserAccountLockoutException.cpp">
      <Filter>Source Files</Filter>
    </ClCompile>
    <ClCompile Include="LDAPUserAccountPasswordExpiredException.cpp">
      <Filter>Source Files</Filter>
    </ClCompile>
    <ClCompile Include="LDAPUserCancelledException.cpp">
      <Filter>Source Files</Filter>
    </ClCompile>
    <ClCompile Include="LDAPVirtualListViewErrorException.cpp">
      <Filter>Source Files</Filter>
    </ClCompile>
  </ItemGroup>
</Project>